// !$*UTF8*$!
{
	archiveVersion = 1;
	classes = {
	};
	objectVersion = 46;
	objects = {

/* Begin PBXBuildFile section */
		4075871918FDF07A00867273 /* Foundation.framework in Frameworks */ = {isa = PBXBuildFile; fileRef = 4075871818FDF07A00867273 /* Foundation.framework */; };
		4075871B18FDF07A00867273 /* CoreGraphics.framework in Frameworks */ = {isa = PBXBuildFile; fileRef = 4075871A18FDF07A00867273 /* CoreGraphics.framework */; };
		4075871D18FDF07A00867273 /* UIKit.framework in Frameworks */ = {isa = PBXBuildFile; fileRef = 4075871C18FDF07A00867273 /* UIKit.framework */; };
		4075872318FDF07A00867273 /* InfoPlist.strings in Resources */ = {isa = PBXBuildFile; fileRef = 4075872118FDF07A00867273 /* InfoPlist.strings */; };
		4075872518FDF07A00867273 /* main.m in Sources */ = {isa = PBXBuildFile; fileRef = 4075872418FDF07A00867273 /* main.m */; };
		4075872918FDF07A00867273 /* MMAppDelegate.m in Sources */ = {isa = PBXBuildFile; fileRef = 4075872818FDF07A00867273 /* MMAppDelegate.m */; };
		4075872C18FDF07A00867273 /* Main.storyboard in Resources */ = {isa = PBXBuildFile; fileRef = 4075872A18FDF07A00867273 /* Main.storyboard */; };
		4075872F18FDF07A00867273 /* MMViewController.m in Sources */ = {isa = PBXBuildFile; fileRef = 4075872E18FDF07A00867273 /* MMViewController.m */; };
		4075873118FDF07A00867273 /* Images.xcassets in Resources */ = {isa = PBXBuildFile; fileRef = 4075873018FDF07A00867273 /* Images.xcassets */; };
		4075873818FDF07A00867273 /* XCTest.framework in Frameworks */ = {isa = PBXBuildFile; fileRef = 4075873718FDF07A00867273 /* XCTest.framework */; };
		4075873918FDF07A00867273 /* Foundation.framework in Frameworks */ = {isa = PBXBuildFile; fileRef = 4075871818FDF07A00867273 /* Foundation.framework */; };
		4075873A18FDF07A00867273 /* UIKit.framework in Frameworks */ = {isa = PBXBuildFile; fileRef = 4075871C18FDF07A00867273 /* UIKit.framework */; };
		4075874218FDF07A00867273 /* InfoPlist.strings in Resources */ = {isa = PBXBuildFile; fileRef = 4075874018FDF07A00867273 /* InfoPlist.strings */; };
		4075874418FDF07A00867273 /* Git_TestTests.m in Sources */ = {isa = PBXBuildFile; fileRef = 4075874318FDF07A00867273 /* Git_TestTests.m */; };
		4075874F18FDF5BA00867273 /* MMTest.m in Sources */ = {isa = PBXBuildFile; fileRef = 4075874E18FDF5BA00867273 /* MMTest.m */; };
/* End PBXBuildFile section */

/* Begin PBXContainerItemProxy section */
		4075873B18FDF07A00867273 /* PBXContainerItemProxy */ = {
			isa = PBXContainerItemProxy;
			containerPortal = 4075870D18FDF07A00867273 /* Project object */;
			proxyType = 1;
			remoteGlobalIDString = 4075871418FDF07A00867273;
			remoteInfo = "Git Test";
		};
/* End PBXContainerItemProxy section */

/* Begin PBXFileReference section */
		4075871518FDF07A00867273 /* Git Test.app */ = {isa = PBXFileReference; explicitFileType = wrapper.application; includeInIndex = 0; path = "Git Test.app"; sourceTree = BUILT_PRODUCTS_DIR; };
		4075871818FDF07A00867273 /* Foundation.framework */ = {isa = PBXFileReference; lastKnownFileType = wrapper.framework; name = Foundation.framework; path = System/Library/Frameworks/Foundation.framework; sourceTree = SDKROOT; };
		4075871A18FDF07A00867273 /* CoreGraphics.framework */ = {isa = PBXFileReference; lastKnownFileType = wrapper.framework; name = CoreGraphics.framework; path = System/Library/Frameworks/CoreGraphics.framework; sourceTree = SDKROOT; };
		4075871C18FDF07A00867273 /* UIKit.framework */ = {isa = PBXFileReference; lastKnownFileType = wrapper.framework; name = UIKit.framework; path = System/Library/Frameworks/UIKit.framework; sourceTree = SDKROOT; };
		4075872018FDF07A00867273 /* Git Test-Info.plist */ = {isa = PBXFileReference; lastKnownFileType = text.plist.xml; path = "Git Test-Info.plist"; sourceTree = "<group>"; };
		4075872218FDF07A00867273 /* en */ = {isa = PBXFileReference; lastKnownFileType = text.plist.strings; name = en; path = en.lproj/InfoPlist.strings; sourceTree = "<group>"; };
		4075872418FDF07A00867273 /* main.m */ = {isa = PBXFileReference; lastKnownFileType = sourcecode.c.objc; path = main.m; sourceTree = "<group>"; };
		4075872618FDF07A00867273 /* Git Test-Prefix.pch */ = {isa = PBXFileReference; lastKnownFileType = sourcecode.c.h; path = "Git Test-Prefix.pch"; sourceTree = "<group>"; };
		4075872718FDF07A00867273 /* MMAppDelegate.h */ = {isa = PBXFileReference; lastKnownFileType = sourcecode.c.h; path = MMAppDelegate.h; sourceTree = "<group>"; };
		4075872818FDF07A00867273 /* MMAppDelegate.m */ = {isa = PBXFileReference; lastKnownFileType = sourcecode.c.objc; path = MMAppDelegate.m; sourceTree = "<group>"; };
		4075872B18FDF07A00867273 /* Base */ = {isa = PBXFileReference; lastKnownFileType = file.storyboard; name = Base; path = Base.lproj/Main.storyboard; sourceTree = "<group>"; };
		4075872D18FDF07A00867273 /* MMViewController.h */ = {isa = PBXFileReference; lastKnownFileType = sourcecode.c.h; path = MMViewController.h; sourceTree = "<group>"; };
		4075872E18FDF07A00867273 /* MMViewController.m */ = {isa = PBXFileReference; lastKnownFileType = sourcecode.c.objc; path = MMViewController.m; sourceTree = "<group>"; };
		4075873018FDF07A00867273 /* Images.xcassets */ = {isa = PBXFileReference; lastKnownFileType = folder.assetcatalog; path = Images.xcassets; sourceTree = "<group>"; };
		4075873618FDF07A00867273 /* Git TestTests.xctest */ = {isa = PBXFileReference; explicitFileType = wrapper.cfbundle; includeInIndex = 0; path = "Git TestTests.xctest"; sourceTree = BUILT_PRODUCTS_DIR; };
		4075873718FDF07A00867273 /* XCTest.framework */ = {isa = PBXFileReference; lastKnownFileType = wrapper.framework; name = XCTest.framework; path = Library/Frameworks/XCTest.framework; sourceTree = DEVELOPER_DIR; };
		4075873F18FDF07A00867273 /* Git TestTests-Info.plist */ = {isa = PBXFileReference; lastKnownFileType = text.plist.xml; path = "Git TestTests-Info.plist"; sourceTree = "<group>"; };
		4075874118FDF07A00867273 /* en */ = {isa = PBXFileReference; lastKnownFileType = text.plist.strings; name = en; path = en.lproj/InfoPlist.strings; sourceTree = "<group>"; };
		4075874318FDF07A00867273 /* Git_TestTests.m */ = {isa = PBXFileReference; lastKnownFileType = sourcecode.c.objc; path = Git_TestTests.m; sourceTree = "<group>"; };
		4075874D18FDF5BA00867273 /* MMTest.h */ = {isa = PBXFileReference; fileEncoding = 4; lastKnownFileType = sourcecode.c.h; path = MMTest.h; sourceTree = "<group>"; };
		4075874E18FDF5BA00867273 /* MMTest.m */ = {isa = PBXFileReference; fileEncoding = 4; lastKnownFileType = sourcecode.c.objc; path = MMTest.m; sourceTree = "<group>"; };
/* End PBXFileReference section */

/* Begin PBXFrameworksBuildPhase section */
		4075871218FDF07A00867273 /* Frameworks */ = {
			isa = PBXFrameworksBuildPhase;
			buildActionMask = 2147483647;
			files = (
				4075871B18FDF07A00867273 /* CoreGraphics.framework in Frameworks */,
				4075871D18FDF07A00867273 /* UIKit.framework in Frameworks */,
				4075871918FDF07A00867273 /* Foundation.framework in Frameworks */,
			);
			runOnlyForDeploymentPostprocessing = 0;
		};
		4075873318FDF07A00867273 /* Frameworks */ = {
			isa = PBXFrameworksBuildPhase;
			buildActionMask = 2147483647;
			files = (
				4075873818FDF07A00867273 /* XCTest.framework in Frameworks */,
				4075873A18FDF07A00867273 /* UIKit.framework in Frameworks */,
				4075873918FDF07A00867273 /* Foundation.framework in Frameworks */,
			);
			runOnlyForDeploymentPostprocessing = 0;
		};
/* End PBXFrameworksBuildPhase section */

/* Begin PBXGroup section */
		4075870C18FDF07A00867273 = {
			isa = PBXGroup;
			children = (
				4075871E18FDF07A00867273 /* Git Test */,
				4075873D18FDF07A00867273 /* Git TestTests */,
				4075871718FDF07A00867273 /* Frameworks */,
				4075871618FDF07A00867273 /* Products */,
			);
			sourceTree = "<group>";
		};
		4075871618FDF07A00867273 /* Products */ = {
			isa = PBXGroup;
			children = (
				4075871518FDF07A00867273 /* Git Test.app */,
				4075873618FDF07A00867273 /* Git TestTests.xctest */,
			);
			name = Products;
			sourceTree = "<group>";
		};
		4075871718FDF07A00867273 /* Frameworks */ = {
			isa = PBXGroup;
			children = (
				4075871818FDF07A00867273 /* Foundation.framework */,
				4075871A18FDF07A00867273 /* CoreGraphics.framework */,
				4075871C18FDF07A00867273 /* UIKit.framework */,
				4075873718FDF07A00867273 /* XCTest.framework */,
			);
			name = Frameworks;
			sourceTree = "<group>";
		};
		4075871E18FDF07A00867273 /* Git Test */ = {
			isa = PBXGroup;
			children = (
				4075872718FDF07A00867273 /* MMAppDelegate.h */,
				4075872818FDF07A00867273 /* MMAppDelegate.m */,
				4075872A18FDF07A00867273 /* Main.storyboard */,
				4075872D18FDF07A00867273 /* MMViewController.h */,
				4075872E18FDF07A00867273 /* MMViewController.m */,
				4075874D18FDF5BA00867273 /* MMTest.h */,
				4075874E18FDF5BA00867273 /* MMTest.m */,
				4075873018FDF07A00867273 /* Images.xcassets */,
				4075871F18FDF07A00867273 /* Supporting Files */,
			);
			path = "Git Test";
			sourceTree = "<group>";
		};
		4075871F18FDF07A00867273 /* Supporting Files */ = {
			isa = PBXGroup;
			children = (
				4075872018FDF07A00867273 /* Git Test-Info.plist */,
				4075872118FDF07A00867273 /* InfoPlist.strings */,
				4075872418FDF07A00867273 /* main.m */,
				4075872618FDF07A00867273 /* Git Test-Prefix.pch */,
			);
			name = "Supporting Files";
			sourceTree = "<group>";
		};
		4075873D18FDF07A00867273 /* Git TestTests */ = {
			isa = PBXGroup;
			children = (
				4075874318FDF07A00867273 /* Git_TestTests.m */,
				4075873E18FDF07A00867273 /* Supporting Files */,
			);
			path = "Git TestTests";
			sourceTree = "<group>";
		};
		4075873E18FDF07A00867273 /* Supporting Files */ = {
			isa = PBXGroup;
			children = (
				4075873F18FDF07A00867273 /* Git TestTests-Info.plist */,
				4075874018FDF07A00867273 /* InfoPlist.strings */,
			);
			name = "Supporting Files";
			sourceTree = "<group>";
		};
/* End PBXGroup section */

/* Begin PBXNativeTarget section */
		4075871418FDF07A00867273 /* Git Test */ = {
			isa = PBXNativeTarget;
			buildConfigurationList = 4075874718FDF07A00867273 /* Build configuration list for PBXNativeTarget "Git Test" */;
			buildPhases = (
				4075871118FDF07A00867273 /* Sources */,
				4075871218FDF07A00867273 /* Frameworks */,
				4075871318FDF07A00867273 /* Resources */,
			);
			buildRules = (
			);
			dependencies = (
			);
			name = "Git Test";
			productName = "Git Test";
			productReference = 4075871518FDF07A00867273 /* Git Test.app */;
			productType = "com.apple.product-type.application";
		};
		4075873518FDF07A00867273 /* Git TestTests */ = {
			isa = PBXNativeTarget;
			buildConfigurationList = 4075874A18FDF07A00867273 /* Build configuration list for PBXNativeTarget "Git TestTests" */;
			buildPhases = (
				4075873218FDF07A00867273 /* Sources */,
				4075873318FDF07A00867273 /* Frameworks */,
				4075873418FDF07A00867273 /* Resources */,
			);
			buildRules = (
			);
			dependencies = (
				4075873C18FDF07A00867273 /* PBXTargetDependency */,
			);
			name = "Git TestTests";
			productName = "Git TestTests";
			productReference = 4075873618FDF07A00867273 /* Git TestTests.xctest */;
			productType = "com.apple.product-type.bundle.unit-test";
		};
/* End PBXNativeTarget section */

/* Begin PBXProject section */
		4075870D18FDF07A00867273 /* Project object */ = {
			isa = PBXProject;
			attributes = {
				CLASSPREFIX = MM;
				LastUpgradeCheck = 0500;
				ORGANIZATIONNAME = "Michael Merchant";
				TargetAttributes = {
					4075873518FDF07A00867273 = {
						TestTargetID = 4075871418FDF07A00867273;
					};
				};
			};
			buildConfigurationList = 4075871018FDF07A00867273 /* Build configuration list for PBXProject "Git Test" */;
			compatibilityVersion = "Xcode 3.2";
			developmentRegion = English;
			hasScannedForEncodings = 0;
			knownRegions = (
				en,
				Base,
			);
			mainGroup = 4075870C18FDF07A00867273;
			productRefGroup = 4075871618FDF07A00867273 /* Products */;
			projectDirPath = "";
			projectRoot = "";
			targets = (
				4075871418FDF07A00867273 /* Git Test */,
				4075873518FDF07A00867273 /* Git TestTests */,
			);
		};
/* End PBXProject section */

/* Begin PBXResourcesBuildPhase section */
		4075871318FDF07A00867273 /* Resources */ = {
			isa = PBXResourcesBuildPhase;
			buildActionMask = 2147483647;
			files = (
				4075873118FDF07A00867273 /* Images.xcassets in Resources */,
				4075872318FDF07A00867273 /* InfoPlist.strings in Resources */,
				4075872C18FDF07A00867273 /* Main.storyboard in Resources */,
			);
			runOnlyForDeploymentPostprocessing = 0;
		};
		4075873418FDF07A00867273 /* Resources */ = {
			isa = PBXResourcesBuildPhase;
			buildActionMask = 2147483647;
			files = (
				4075874218FDF07A00867273 /* InfoPlist.strings in Resources */,
			);
			runOnlyForDeploymentPostprocessing = 0;
		};
/* End PBXResourcesBuildPhase section */

/* Begin PBXSourcesBuildPhase section */
		4075871118FDF07A00867273 /* Sources */ = {
			isa = PBXSourcesBuildPhase;
			buildActionMask = 2147483647;
			files = (
				4075872918FDF07A00867273 /* MMAppDelegate.m in Sources */,
				4075874F18FDF5BA00867273 /* MMTest.m in Sources */,
				4075872F18FDF07A00867273 /* MMViewController.m in Sources */,
				4075872518FDF07A00867273 /* main.m in Sources */,
			);
			runOnlyForDeploymentPostprocessing = 0;
		};
		4075873218FDF07A00867273 /* Sources */ = {
			isa = PBXSourcesBuildPhase;
			buildActionMask = 2147483647;
			files = (
				4075874418FDF07A00867273 /* Git_TestTests.m in Sources */,
			);
			runOnlyForDeploymentPostprocessing = 0;
		};
/* End PBXSourcesBuildPhase section */

/* Begin PBXTargetDependency section */
		4075873C18FDF07A00867273 /* PBXTargetDependency */ = {
			isa = PBXTargetDependency;
			target = 4075871418FDF07A00867273 /* Git Test */;
			targetProxy = 4075873B18FDF07A00867273 /* PBXContainerItemProxy */;
		};
/* End PBXTargetDependency section */

/* Begin PBXVariantGroup section */
		4075872118FDF07A00867273 /* InfoPlist.strings */ = {
			isa = PBXVariantGroup;
			children = (
				4075872218FDF07A00867273 /* en */,
			);
			name = InfoPlist.strings;
			sourceTree = "<group>";
		};
		4075872A18FDF07A00867273 /* Main.storyboard */ = {
			isa = PBXVariantGroup;
			children = (
				4075872B18FDF07A00867273 /* Base */,
			);
			name = Main.storyboard;
			sourceTree = "<group>";
		};
		4075874018FDF07A00867273 /* InfoPlist.strings */ = {
			isa = PBXVariantGroup;
			children = (
				4075874118FDF07A00867273 /* en */,
			);
			name = InfoPlist.strings;
			sourceTree = "<group>";
		};
/* End PBXVariantGroup section */

/* Begin XCBuildConfiguration section */
		4075874518FDF07A00867273 /* Debug */ = {
			isa = XCBuildConfiguration;
			buildSettings = {
				ALWAYS_SEARCH_USER_PATHS = NO;
				ARCHS = "$(ARCHS_STANDARD_INCLUDING_64_BIT)";
				CLANG_CXX_LANGUAGE_STANDARD = "gnu++0x";
				CLANG_CXX_LIBRARY = "libc++";
				CLANG_ENABLE_MODULES = YES;
				CLANG_ENABLE_OBJC_ARC = YES;
				CLANG_WARN_BOOL_CONVERSION = YES;
				CLANG_WARN_CONSTANT_CONVERSION = YES;
				CLANG_WARN_DIRECT_OBJC_ISA_USAGE = YES_ERROR;
				CLANG_WARN_EMPTY_BODY = YES;
				CLANG_WARN_ENUM_CONVERSION = YES;
				CLANG_WARN_INT_CONVERSION = YES;
				CLANG_WARN_OBJC_ROOT_CLASS = YES_ERROR;
				CLANG_WARN__DUPLICATE_METHOD_MATCH = YES;
				"CODE_SIGN_IDENTITY[sdk=iphoneos*]" = "iPhone Developer";
				COPY_PHASE_STRIP = NO;
				GCC_C_LANGUAGE_STANDARD = gnu99;
				GCC_DYNAMIC_NO_PIC = NO;
				GCC_OPTIMIZATION_LEVEL = 0;
				GCC_PREPROCESSOR_DEFINITIONS = (
					"DEBUG=1",
					"$(inherited)",
				);
				GCC_SYMBOLS_PRIVATE_EXTERN = NO;
				GCC_WARN_64_TO_32_BIT_CONVERSION = YES;
				GCC_WARN_ABOUT_RETURN_TYPE = YES_ERROR;
				GCC_WARN_UNDECLARED_SELECTOR = YES;
				GCC_WARN_UNINITIALIZED_AUTOS = YES;
				GCC_WARN_UNUSED_FUNCTION = YES;
				GCC_WARN_UNUSED_VARIABLE = YES;
				IPHONEOS_DEPLOYMENT_TARGET = 7.0;
				ONLY_ACTIVE_ARCH = YES;
				SDKROOT = iphoneos;
			};
			name = Debug;
		};
		4075874618FDF07A00867273 /* Release */ = {
			isa = XCBuildConfiguration;
			buildSettings = {
				ALWAYS_SEARCH_USER_PATHS = NO;
				ARCHS = "$(ARCHS_STANDARD_INCLUDING_64_BIT)";
				CLANG_CXX_LANGUAGE_STANDARD = "gnu++0x";
				CLANG_CXX_LIBRARY = "libc++";
				CLANG_ENABLE_MODULES = YES;
				CLANG_ENABLE_OBJC_ARC = YES;
				CLANG_WARN_BOOL_CONVERSION = YES;
				CLANG_WARN_CONSTANT_CONVERSION = YES;
				CLANG_WARN_DIRECT_OBJC_ISA_USAGE = YES_ERROR;
				CLANG_WARN_EMPTY_BODY = YES;
				CLANG_WARN_ENUM_CONVERSION = YES;
				CLANG_WARN_INT_CONVERSION = YES;
				CLANG_WARN_OBJC_ROOT_CLASS = YES_ERROR;
				CLANG_WARN__DUPLICATE_METHOD_MATCH = YES;
				"CODE_SIGN_IDENTITY[sdk=iphoneos*]" = "iPhone Developer";
				COPY_PHASE_STRIP = YES;
				ENABLE_NS_ASSERTIONS = NO;
				GCC_C_LANGUAGE_STANDARD = gnu99;
				GCC_WARN_64_TO_32_BIT_CONVERSION = YES;
				GCC_WARN_ABOUT_RETURN_TYPE = YES_ERROR;
				GCC_WARN_UNDECLARED_SELECTOR = YES;
				GCC_WARN_UNINITIALIZED_AUTOS = YES;
				GCC_WARN_UNUSED_FUNCTION = YES;
				GCC_WARN_UNUSED_VARIABLE = YES;
				IPHONEOS_DEPLOYMENT_TARGET = 7.0;
				SDKROOT = iphoneos;
				VALIDATE_PRODUCT = YES;
			};
			name = Release;
		};
		4075874818FDF07A00867273 /* Debug */ = {
			isa = XCBuildConfiguration;
			buildSettings = {
				ASSETCATALOG_COMPILER_APPICON_NAME = AppIcon;
				ASSETCATALOG_COMPILER_LAUNCHIMAGE_NAME = LaunchImage;
				GCC_PRECOMPILE_PREFIX_HEADER = YES;
				GCC_PREFIX_HEADER = "Git Test/Git Test-Prefix.pch";
				INFOPLIST_FILE = "Git Test/Git Test-Info.plist";
				PRODUCT_NAME = "$(TARGET_NAME)";
				WRAPPER_EXTENSION = app;
			};
			name = Debug;
		};
		4075874918FDF07A00867273 /* Release */ = {
			isa = XCBuildConfiguration;
			buildSettings = {
				ASSETCATALOG_COMPILER_APPICON_NAME = AppIcon;
				ASSETCATALOG_COMPILER_LAUNCHIMAGE_NAME = LaunchImage;
				GCC_PRECOMPILE_PREFIX_HEADER = YES;
				GCC_PREFIX_HEADER = "Git Test/Git Test-Prefix.pch";
				INFOPLIST_FILE = "Git Test/Git Test-Info.plist";
				PRODUCT_NAME = "$(TARGET_NAME)";
				WRAPPER_EXTENSION = app;
			};
			name = Release;
		};
		4075874B18FDF07A00867273 /* Debug */ = {
			isa = XCBuildConfiguration;
			buildSettings = {
				ARCHS = "$(ARCHS_STANDARD_INCLUDING_64_BIT)";
				BUNDLE_LOADER = "$(BUILT_PRODUCTS_DIR)/Git Test.app/Git Test";
				FRAMEWORK_SEARCH_PATHS = (
					"$(SDKROOT)/Developer/Library/Frameworks",
					"$(inherited)",
					"$(DEVELOPER_FRAMEWORKS_DIR)",
				);
				GCC_PRECOMPILE_PREFIX_HEADER = YES;
				GCC_PREFIX_HEADER = "Git Test/Git Test-Prefix.pch";
				GCC_PREPROCESSOR_DEFINITIONS = (
					"DEBUG=1",
					"$(inherited)",
				);
				INFOPLIST_FILE = "Git TestTests/Git TestTests-Info.plist";
				PRODUCT_NAME = "$(TARGET_NAME)";
				TEST_HOST = "$(BUNDLE_LOADER)";
				WRAPPER_EXTENSION = xctest;
			};
			name = Debug;
		};
		4075874C18FDF07A00867273 /* Release */ = {
			isa = XCBuildConfiguration;
			buildSettings = {
				ARCHS = "$(ARCHS_STANDARD_INCLUDING_64_BIT)";
				BUNDLE_LOADER = "$(BUILT_PRODUCTS_DIR)/Git Test.app/Git Test";
				FRAMEWORK_SEARCH_PATHS = (
					"$(SDKROOT)/Developer/Library/Frameworks",
					"$(inherited)",
					"$(DEVELOPER_FRAMEWORKS_DIR)",
				);
				GCC_PRECOMPILE_PREFIX_HEADER = YES;
				GCC_PREFIX_HEADER = "Git Test/Git Test-Prefix.pch";
				INFOPLIST_FILE = "Git TestTests/Git TestTests-Info.plist";
				PRODUCT_NAME = "$(TARGET_NAME)";
				TEST_HOST = "$(BUNDLE_LOADER)";
				WRAPPER_EXTENSION = xctest;
			};
			name = Release;
		};
/* End XCBuildConfiguration section */

/* Begin XCConfigurationList section */
		4075871018FDF07A00867273 /* Build configuration list for PBXProject "Git Test" */ = {
			isa = XCConfigurationList;
			buildConfigurations = (
				4075874518FDF07A00867273 /* Debug */,
				4075874618FDF07A00867273 /* Release */,
			);
			defaultConfigurationIsVisible = 0;
			defaultConfigurationName = Release;
		};
		4075874718FDF07A00867273 /* Build configuration list for PBXNativeTarget "Git Test" */ = {
			isa = XCConfigurationList;
			buildConfigurations = (
				4075874818FDF07A00867273 /* Debug */,
				4075874918FDF07A00867273 /* Release */,
			);
			defaultConfigurationIsVisible = 0;
		};
		4075874A18FDF07A00867273 /* Build configuration list for PBXNativeTarget "Git TestTests" */ = {
			isa = XCConfigurationList;
			buildConfigurations = (
				4075874B18FDF07A00867273 /* Debug */,
				4075874C18FDF07A00867273 /* Release */,
			);
			defaultConfigurationIsVisible = 0;
		};
/* End XCConfigurationList section */
	};
	rootObject = 4075870D18FDF07A00867273 /* Project object */;
}
